
Microsoft Visual Studio Solution File, Format Version 12.00
# Visual Studio 14
VisualStudioVersion = 14.0.23107.0
MinimumVisualStudioVersion = 10.0.40219.1
Project("{FAE04EC0-301F-11D3-BF4B-00C04F79EFBC}") = "HTMLUIWinFormsApp.Web", "wwwroot\HTMLUIWinFormsApp.Web.csproj", "{D94D3ABC-3A0B-4ACD-95A1-0AFAC2B08A1B}"
EndProject
Project("{FAE04EC0-301F-11D3-BF4B-00C04F79EFBC}") = "HTMLUIWinFormsApp", "HTMLUIWinFormsApp\HTMLUIWinFormsApp.csproj", "{94ABB84B-4EE8-4BA9-9D7B-0B0CA5F92D73}"
EndProject
Global
	GlobalSection(SolutionConfigurationPlatforms) = preSolution
		Debug|Any CPU = Debug|Any CPU
		Release|Any CPU = Release|Any CPU
	EndGlobalSection
	GlobalSection(ProjectConfigurationPlatforms) = postSolution
		{D94D3ABC-3A0B-4ACD-95A1-0AFAC2B08A1B}.Debug|Any CPU.ActiveCfg = Debug|Any CPU
		{D94D3ABC-3A0B-4ACD-95A1-0AFAC2B08A1B}.Debug|Any CPU.Build.0 = Debug|Any CPU
		{D94D3ABC-3A0B-4ACD-95A1-0AFAC2B08A1B}.Release|Any CPU.ActiveCfg = Release|Any CPU
		{D94D3ABC-3A0B-4ACD-95A1-0AFAC2B08A1B}.Release|Any CPU.Build.0 = Release|Any CPU
		{94ABB84B-4EE8-4BA9-9D7B-0B0CA5F92D73}.Debug|Any CPU.ActiveCfg = Debug|Any CPU
		{94ABB84B-4EE8-4BA9-9D7B-0B0CA5F92D73}.Debug|Any CPU.Build.0 = Debug|Any CPU
		{94ABB84B-4EE8-4BA9-9D7B-0B0CA5F92D73}.Release|Any CPU.ActiveCfg = Release|Any CPU
		{94ABB84B-4EE8-4BA9-9D7B-0B0CA5F92D73}.Release|Any CPU.Build.0 = Release|Any CPU
	EndGlobalSection
	GlobalSection(SolutionProperties) = preSolution
		HideSolutionNode = FALSE
	EndGlobalSection
EndGlobal
